
Microsoft Visual Studio Solution File, Format Version 12.00
# Visual Studio Version 16
VisualStudioVersion = 16.0.31112.23
MinimumVisualStudioVersion = 10.0.40219.1
Project("{FAE04EC0-301F-11D3-BF4B-00C04F79EFBC}") = "CursoMVCDIO", "CursoMVCDIO\CursoMVCDIO.csproj", "{A361DCBD-6613-4B06-AF6A-C68CD1AACAF0}"
EndProject
Global
	GlobalSection(SolutionConfigurationPlatforms) = preSolution
		Debug|Any CPU = Debug|Any CPU
		Release|Any CPU = Release|Any CPU
	EndGlobalSection
	GlobalSection(ProjectConfigurationPlatforms) = postSolution
		{A361DCBD-6613-4B06-AF6A-C68CD1AACAF0}.Debug|Any CPU.ActiveCfg = Debug|Any CPU
		{A361DCBD-6613-4B06-AF6A-C68CD1AACAF0}.Debug|Any CPU.Build.0 = Debug|Any CPU
		{A361DCBD-6613-4B06-AF6A-C68CD1AACAF0}.Release|Any CPU.ActiveCfg = Release|Any CPU
		{A361DCBD-6613-4B06-AF6A-C68CD1AACAF0}.Release|Any CPU.Build.0 = Release|Any CPU
	EndGlobalSection
	GlobalSection(SolutionProperties) = preSolution
		HideSolutionNode = FALSE
	EndGlobalSection
	GlobalSection(ExtensibilityGlobals) = postSolution
		SolutionGuid = {8DA10C3A-B72B-4F2A-B293-8E025B9B07B8}
	EndGlobalSection
EndGlobal
